// !$*UTF8*$!
{
	archiveVersion = 1;
	classes = {
	};
	objectVersion = 51;
	objects = {

/* Begin PBXBuildFile section */
		4F52D7F56CDE7561543427DD /* Pods_TestSber_TestSberUITests.framework in Frameworks */ = {isa = PBXBuildFile; fileRef = 1A0F1CF1DECC727CD3490328 /* Pods_TestSber_TestSberUITests.framework */; };
		976BB131FC984996353BE14E /* Pods_TestSber.framework in Frameworks */ = {isa = PBXBuildFile; fileRef = 5AB5F70C4A832517853B24D2 /* Pods_TestSber.framework */; };
		A835E5442455AEC9009A163C /* Extensions+UITableView.swift in Sources */ = {isa = PBXBuildFile; fileRef = A835E5432455AEC9009A163C /* Extensions+UITableView.swift */; };
		A835E5462455AF00009A163C /* Extension+UICollectionView.swift in Sources */ = {isa = PBXBuildFile; fileRef = A835E5452455AF00009A163C /* Extension+UICollectionView.swift */; };
		A835E5482455AFF3009A163C /* NewsCollectionViewCell.swift in Sources */ = {isa = PBXBuildFile; fileRef = A835E5472455AFF3009A163C /* NewsCollectionViewCell.swift */; };
		A835E54A2455C06B009A163C /* SelfConfiguringCell.swift in Sources */ = {isa = PBXBuildFile; fileRef = A835E5492455C06B009A163C /* SelfConfiguringCell.swift */; };
		A835E54D2455C773009A163C /* Extension+UIColor.swift in Sources */ = {isa = PBXBuildFile; fileRef = A835E54C2455C773009A163C /* Extension+UIColor.swift */; };
		A835E5502455D5D2009A163C /* SaveNewsTableViewCell.swift in Sources */ = {isa = PBXBuildFile; fileRef = A835E54F2455D5D2009A163C /* SaveNewsTableViewCell.swift */; };
		A836D3802459731F00A410F9 /* TitleTableViewCell.swift in Sources */ = {isa = PBXBuildFile; fileRef = A836D37F2459731F00A410F9 /* TitleTableViewCell.swift */; };
		A836D3822459733800A410F9 /* TimerTableViewCell.swift in Sources */ = {isa = PBXBuildFile; fileRef = A836D3812459733800A410F9 /* TimerTableViewCell.swift */; };
		A836D3842459734900A410F9 /* DescriptionTableViewCell.swift in Sources */ = {isa = PBXBuildFile; fileRef = A836D3832459734900A410F9 /* DescriptionTableViewCell.swift */; };
		A836D387245978C900A410F9 /* DetailNewsContainer.swift in Sources */ = {isa = PBXBuildFile; fileRef = A836D386245978C900A410F9 /* DetailNewsContainer.swift */; };
		A836D3892459975200A410F9 /* NewsTitleTableViewCell.swift in Sources */ = {isa = PBXBuildFile; fileRef = A836D3882459975200A410F9 /* NewsTitleTableViewCell.swift */; };
		A83C051224536E4000FF8702 /* AppDelegate.swift in Sources */ = {isa = PBXBuildFile; fileRef = A83C051124536E4000FF8702 /* AppDelegate.swift */; };
		A83C051B24536E4300FF8702 /* Assets.xcassets in Resources */ = {isa = PBXBuildFile; fileRef = A83C051A24536E4300FF8702 /* Assets.xcassets */; };
		A83C051E24536E4300FF8702 /* LaunchScreen.storyboard in Resources */ = {isa = PBXBuildFile; fileRef = A83C051C24536E4300FF8702 /* LaunchScreen.storyboard */; };
		A83C052924536E4400FF8702 /* TestSberTests.swift in Sources */ = {isa = PBXBuildFile; fileRef = A83C052824536E4400FF8702 /* TestSberTests.swift */; };
		A83C053424536E4400FF8702 /* TestSberUITests.swift in Sources */ = {isa = PBXBuildFile; fileRef = A83C053324536E4400FF8702 /* TestSberUITests.swift */; };
		A83C05522453757500FF8702 /* StartRouter.swift in Sources */ = {isa = PBXBuildFile; fileRef = A83C05512453757500FF8702 /* StartRouter.swift */; };
		A83C0554245375EA00FF8702 /* StartViewController.swift in Sources */ = {isa = PBXBuildFile; fileRef = A83C0553245375EA00FF8702 /* StartViewController.swift */; };
		A83C05562453763300FF8702 /* StartViewInConnection.swift in Sources */ = {isa = PBXBuildFile; fileRef = A83C05552453763300FF8702 /* StartViewInConnection.swift */; };
		A83C05582453764300FF8702 /* StartPresenter.swift in Sources */ = {isa = PBXBuildFile; fileRef = A83C05572453764300FF8702 /* StartPresenter.swift */; };
		A83C055A2453767F00FF8702 /* StartViewOutConnection.swift in Sources */ = {isa = PBXBuildFile; fileRef = A83C05592453767F00FF8702 /* StartViewOutConnection.swift */; };
		A83C055C2453769100FF8702 /* StartInteractor.swift in Sources */ = {isa = PBXBuildFile; fileRef = A83C055B2453769100FF8702 /* StartInteractor.swift */; };
		A83C055E245376A900FF8702 /* StartPresenterOutConnection.swift in Sources */ = {isa = PBXBuildFile; fileRef = A83C055D245376A900FF8702 /* StartPresenterOutConnection.swift */; };
		A83C05602453779600FF8702 /* StartContainer.swift in Sources */ = {isa = PBXBuildFile; fileRef = A83C055F2453779600FF8702 /* StartContainer.swift */; };
		A83C05632453780000FF8702 /* ContainerController.swift in Sources */ = {isa = PBXBuildFile; fileRef = A83C05622453780000FF8702 /* ContainerController.swift */; };
		A83C05672453786100FF8702 /* MainContainer.swift in Sources */ = {isa = PBXBuildFile; fileRef = A83C05662453786100FF8702 /* MainContainer.swift */; };
		A83C056B245378AD00FF8702 /* Containerable.swift in Sources */ = {isa = PBXBuildFile; fileRef = A83C056A245378AD00FF8702 /* Containerable.swift */; };
		A83C056E24537EA200FF8702 /* RouterContainer.swift in Sources */ = {isa = PBXBuildFile; fileRef = A83C056D24537EA200FF8702 /* RouterContainer.swift */; };
		A83C0576245380F600FF8702 /* PullableService.swift in Sources */ = {isa = PBXBuildFile; fileRef = A83C0575245380F600FF8702 /* PullableService.swift */; };
		A83C05792453838400FF8702 /* Completions.swift in Sources */ = {isa = PBXBuildFile; fileRef = A83C05782453838400FF8702 /* Completions.swift */; };
		A83C057C24538A1A00FF8702 /* TabBarControllerFactory.swift in Sources */ = {isa = PBXBuildFile; fileRef = A83C057B24538A1A00FF8702 /* TabBarControllerFactory.swift */; };
		A83C057F245392BF00FF8702 /* Extensions+UIButton.swift in Sources */ = {isa = PBXBuildFile; fileRef = A83C057E245392BF00FF8702 /* Extensions+UIButton.swift */; };
		A83C05822453964500FF8702 /* Localizable.strings in Resources */ = {isa = PBXBuildFile; fileRef = A83C05812453964500FF8702 /* Localizable.strings */; };
		A83C05842453973200FF8702 /* Etensions+UIFont.swift in Sources */ = {isa = PBXBuildFile; fileRef = A83C05832453973200FF8702 /* Etensions+UIFont.swift */; };
		A83C0586245398EE00FF8702 /* StartPresenterView.swift in Sources */ = {isa = PBXBuildFile; fileRef = A83C0585245398EE00FF8702 /* StartPresenterView.swift */; };
		A83C05882453A7DD00FF8702 /* NewsViewController.swift in Sources */ = {isa = PBXBuildFile; fileRef = A83C05872453A7DD00FF8702 /* NewsViewController.swift */; };
		A83C058A2453A84400FF8702 /* NewsViewInConnection.swift in Sources */ = {isa = PBXBuildFile; fileRef = A83C05892453A84400FF8702 /* NewsViewInConnection.swift */; };
		A83C058C2453A85400FF8702 /* NewsPresenter.swift in Sources */ = {isa = PBXBuildFile; fileRef = A83C058B2453A85400FF8702 /* NewsPresenter.swift */; };
		A83C058E2453A86D00FF8702 /* NewsViewOutConnection.swift in Sources */ = {isa = PBXBuildFile; fileRef = A83C058D2453A86D00FF8702 /* NewsViewOutConnection.swift */; };
		A83C05902453A89700FF8702 /* NewsInteractor.swift in Sources */ = {isa = PBXBuildFile; fileRef = A83C058F2453A89700FF8702 /* NewsInteractor.swift */; };
		A83C05922453A8B300FF8702 /* NewsPresenterOutConnection.swift in Sources */ = {isa = PBXBuildFile; fileRef = A83C05912453A8B300FF8702 /* NewsPresenterOutConnection.swift */; };
		A83C05942453A97C00FF8702 /* NewsContainer.swift in Sources */ = {isa = PBXBuildFile; fileRef = A83C05932453A97C00FF8702 /* NewsContainer.swift */; };
		A83C05972453AB7A00FF8702 /* Lifecycable.swift in Sources */ = {isa = PBXBuildFile; fileRef = A83C05962453AB7A00FF8702 /* Lifecycable.swift */; };
		A83D1C332458308B000551F8 /* NetworkServicesContainer.swift in Sources */ = {isa = PBXBuildFile; fileRef = A83D1C322458308B000551F8 /* NetworkServicesContainer.swift */; };
		A8477D9A2454E84E0074F7B0 /* DetailNewsViewController.swift in Sources */ = {isa = PBXBuildFile; fileRef = A8477D992454E84E0074F7B0 /* DetailNewsViewController.swift */; };
		A8477D9C2454E9A80074F7B0 /* DetailNewsViewInConnection.swift in Sources */ = {isa = PBXBuildFile; fileRef = A8477D9B2454E9A80074F7B0 /* DetailNewsViewInConnection.swift */; };
		A8477D9E2454E9B50074F7B0 /* DetailNewsPresenter.swift in Sources */ = {isa = PBXBuildFile; fileRef = A8477D9D2454E9B50074F7B0 /* DetailNewsPresenter.swift */; };
		A8477DA02454E9C50074F7B0 /* DetailNewsViewOutConnection.swift in Sources */ = {isa = PBXBuildFile; fileRef = A8477D9F2454E9C50074F7B0 /* DetailNewsViewOutConnection.swift */; };
		A8477DA22454E9DC0074F7B0 /* DetailNewsInteractor.swift in Sources */ = {isa = PBXBuildFile; fileRef = A8477DA12454E9DC0074F7B0 /* DetailNewsInteractor.swift */; };
		A8477DA42454E9EF0074F7B0 /* DetailNewsPresenterOutConnection.swift in Sources */ = {isa = PBXBuildFile; fileRef = A8477DA32454E9EF0074F7B0 /* DetailNewsPresenterOutConnection.swift */; };
		A8477DA62454EA2E0074F7B0 /* SaveNewsViewInConnection.swift in Sources */ = {isa = PBXBuildFile; fileRef = A8477DA52454EA2E0074F7B0 /* SaveNewsViewInConnection.swift */; };
		A8477DA82454EA3C0074F7B0 /* SaveNewsPresenter.swift in Sources */ = {isa = PBXBuildFile; fileRef = A8477DA72454EA3C0074F7B0 /* SaveNewsPresenter.swift */; };
		A8477DAA2454EA4C0074F7B0 /* SaveNewsViewOutConnection.swift in Sources */ = {isa = PBXBuildFile; fileRef = A8477DA92454EA4C0074F7B0 /* SaveNewsViewOutConnection.swift */; };
		A8477DAC2454EA750074F7B0 /* SaveNewsInteractor.swift in Sources */ = {isa = PBXBuildFile; fileRef = A8477DAB2454EA750074F7B0 /* SaveNewsInteractor.swift */; };
		A8477DAE2454EA890074F7B0 /* SaveNewsPresenterOutConnection.swift in Sources */ = {isa = PBXBuildFile; fileRef = A8477DAD2454EA890074F7B0 /* SaveNewsPresenterOutConnection.swift */; };
		A8477DB02454EAC10074F7B0 /* UserViewInConnection.swift in Sources */ = {isa = PBXBuildFile; fileRef = A8477DAF2454EAC10074F7B0 /* UserViewInConnection.swift */; };
		A8477DB22454EADC0074F7B0 /* UserPresenter.swift in Sources */ = {isa = PBXBuildFile; fileRef = A8477DB12454EADC0074F7B0 /* UserPresenter.swift */; };
		A8477DB42454EAF10074F7B0 /* UserViewOutConnection.swift in Sources */ = {isa = PBXBuildFile; fileRef = A8477DB32454EAF10074F7B0 /* UserViewOutConnection.swift */; };
		A8477DB62454EB0B0074F7B0 /* UserInteractor.swift in Sources */ = {isa = PBXBuildFile; fileRef = A8477DB52454EB0B0074F7B0 /* UserInteractor.swift */; };
		A8477DB82454EB290074F7B0 /* UserPresenterOutConnection.swift in Sources */ = {isa = PBXBuildFile; fileRef = A8477DB72454EB290074F7B0 /* UserPresenterOutConnection.swift */; };
		A8477DBC2454EC1A0074F7B0 /* SaveContainer.swift in Sources */ = {isa = PBXBuildFile; fileRef = A8477DBB2454EC1A0074F7B0 /* SaveContainer.swift */; };
		A8477DBE2454EC370074F7B0 /* UserContainer.swift in Sources */ = {isa = PBXBuildFile; fileRef = A8477DBD2454EC370074F7B0 /* UserContainer.swift */; };
		A8477DC12455010A0074F7B0 /* NotNewsView.swift in Sources */ = {isa = PBXBuildFile; fileRef = A8477DC02455010A0074F7B0 /* NotNewsView.swift */; };
		A8477DC42455020C0074F7B0 /* NibLoadable.swift in Sources */ = {isa = PBXBuildFile; fileRef = A8477DC32455020C0074F7B0 /* NibLoadable.swift */; };
		A873967F2454A19B00C46FCD /* SberRouter.swift in Sources */ = {isa = PBXBuildFile; fileRef = A873967E2454A19B00C46FCD /* SberRouter.swift */; };
		A87396812454A1AD00C46FCD /* SberRouterPullableServiceType.swift in Sources */ = {isa = PBXBuildFile; fileRef = A87396802454A1AD00C46FCD /* SberRouterPullableServiceType.swift */; };
		A87396842454AB5500C46FCD /* SaveNewsViewController.swift in Sources */ = {isa = PBXBuildFile; fileRef = A87396832454AB5500C46FCD /* SaveNewsViewController.swift */; };
		A87396872454AB9A00C46FCD /* UserViewController.swift in Sources */ = {isa = PBXBuildFile; fileRef = A87396862454AB9A00C46FCD /* UserViewController.swift */; };
		A8A9ED172457326E00D1374A /* RssModels.swift in Sources */ = {isa = PBXBuildFile; fileRef = A8A9ED162457326E00D1374A /* RssModels.swift */; };
		A8A9ED1C24573D5E00D1374A /* RealmService.swift in Sources */ = {isa = PBXBuildFile; fileRef = A8A9ED1B24573D5E00D1374A /* RealmService.swift */; };
		A8A9ED1F2457414800D1374A /* TemplateURL.swift in Sources */ = {isa = PBXBuildFile; fileRef = A8A9ED1E2457414800D1374A /* TemplateURL.swift */; };
		A8A9ED21245743D400D1374A /* RealmServiceImplementation.swift in Sources */ = {isa = PBXBuildFile; fileRef = A8A9ED20245743D400D1374A /* RealmServiceImplementation.swift */; };
		A8A9ED25245744DD00D1374A /* XMLParserServiceImplementation.swift in Sources */ = {isa = PBXBuildFile; fileRef = A8A9ED24245744DD00D1374A /* XMLParserServiceImplementation.swift */; };
		A8A9ED27245754C800D1374A /* XMLParserService.swift in Sources */ = {isa = PBXBuildFile; fileRef = A8A9ED26245754C800D1374A /* XMLParserService.swift */; };
		A8AE087324589B5400BC852F /* Extensions+String.swift in Sources */ = {isa = PBXBuildFile; fileRef = A8AE087224589B5400BC852F /* Extensions+String.swift */; };
		A8AE08762458D1B100BC852F /* Loader.swift in Sources */ = {isa = PBXBuildFile; fileRef = A8AE08752458D1B100BC852F /* Loader.swift */; };
		A8AE08782458D24100BC852F /* Extensions+UIView.swift in Sources */ = {isa = PBXBuildFile; fileRef = A8AE08772458D24100BC852F /* Extensions+UIView.swift */; };
		A8AE087B2458D2A400BC852F /* Direction.swift in Sources */ = {isa = PBXBuildFile; fileRef = A8AE087A2458D2A400BC852F /* Direction.swift */; };
		C3C54684CA4A7FA2BA62940E /* Pods_TestSberTests.framework in Frameworks */ = {isa = PBXBuildFile; fileRef = 14137ACEDCC85A1B58A9B119 /* Pods_TestSberTests.framework */; };
/* End PBXBuildFile section */

/* Begin PBXContainerItemProxy section */
		A83C052524536E4400FF8702 /* PBXContainerItemProxy */ = {
			isa = PBXContainerItemProxy;
			containerPortal = A83C050624536E4000FF8702 /* Project object */;
			proxyType = 1;
			remoteGlobalIDString = A83C050D24536E4000FF8702;
			remoteInfo = TestSber;
		};
		A83C053024536E4400FF8702 /* PBXContainerItemProxy */ = {
			isa = PBXContainerItemProxy;
			containerPortal = A83C050624536E4000FF8702 /* Project object */;
			proxyType = 1;
			remoteGlobalIDString = A83C050D24536E4000FF8702;
			remoteInfo = TestSber;
		};
/* End PBXContainerItemProxy section */

/* Begin PBXFileReference section */
		14137ACEDCC85A1B58A9B119 /* Pods_TestSberTests.framework */ = {isa = PBXFileReference; explicitFileType = wrapper.framework; includeInIndex = 0; path = Pods_TestSberTests.framework; sourceTree = BUILT_PRODUCTS_DIR; };
		1A0F1CF1DECC727CD3490328 /* Pods_TestSber_TestSberUITests.framework */ = {isa = PBXFileReference; explicitFileType = wrapper.framework; includeInIndex = 0; path = Pods_TestSber_TestSberUITests.framework; sourceTree = BUILT_PRODUCTS_DIR; };
		1ADC3DE71A1E391B5C42A405 /* Pods-TestSberTests.debug.xcconfig */ = {isa = PBXFileReference; includeInIndex = 1; lastKnownFileType = text.xcconfig; name = "Pods-TestSberTests.debug.xcconfig"; path = "Target Support Files/Pods-TestSberTests/Pods-TestSberTests.debug.xcconfig"; sourceTree = "<group>"; };
		2CA8B0AB7DAEC51C219160FF /* Pods-TestSber.debug.xcconfig */ = {isa = PBXFileReference; includeInIndex = 1; lastKnownFileType = text.xcconfig; name = "Pods-TestSber.debug.xcconfig"; path = "Target Support Files/Pods-TestSber/Pods-TestSber.debug.xcconfig"; sourceTree = "<group>"; };
		5AB5F70C4A832517853B24D2 /* Pods_TestSber.framework */ = {isa = PBXFileReference; explicitFileType = wrapper.framework; includeInIndex = 0; path = Pods_TestSber.framework; sourceTree = BUILT_PRODUCTS_DIR; };
		A4C171AF3BE4E59AE4680954 /* Pods-TestSber.release.xcconfig */ = {isa = PBXFileReference; includeInIndex = 1; lastKnownFileType = text.xcconfig; name = "Pods-TestSber.release.xcconfig"; path = "Target Support Files/Pods-TestSber/Pods-TestSber.release.xcconfig"; sourceTree = "<group>"; };
		A835E5432455AEC9009A163C /* Extensions+UITableView.swift */ = {isa = PBXFileReference; lastKnownFileType = sourcecode.swift; path = "Extensions+UITableView.swift"; sourceTree = "<group>"; };
		A835E5452455AF00009A163C /* Extension+UICollectionView.swift */ = {isa = PBXFileReference; lastKnownFileType = sourcecode.swift; path = "Extension+UICollectionView.swift"; sourceTree = "<group>"; };
		A835E5472455AFF3009A163C /* NewsCollectionViewCell.swift */ = {isa = PBXFileReference; lastKnownFileType = sourcecode.swift; path = NewsCollectionViewCell.swift; sourceTree = "<group>"; };
		A835E5492455C06B009A163C /* SelfConfiguringCell.swift */ = {isa = PBXFileReference; lastKnownFileType = sourcecode.swift; path = SelfConfiguringCell.swift; sourceTree = "<group>"; };
		A835E54C2455C773009A163C /* Extension+UIColor.swift */ = {isa = PBXFileReference; lastKnownFileType = sourcecode.swift; path = "Extension+UIColor.swift"; sourceTree = "<group>"; };
		A835E54F2455D5D2009A163C /* SaveNewsTableViewCell.swift */ = {isa = PBXFileReference; lastKnownFileType = sourcecode.swift; path = SaveNewsTableViewCell.swift; sourceTree = "<group>"; };
		A836D37F2459731F00A410F9 /* TitleTableViewCell.swift */ = {isa = PBXFileReference; lastKnownFileType = sourcecode.swift; path = TitleTableViewCell.swift; sourceTree = "<group>"; };
		A836D3812459733800A410F9 /* TimerTableViewCell.swift */ = {isa = PBXFileReference; lastKnownFileType = sourcecode.swift; path = TimerTableViewCell.swift; sourceTree = "<group>"; };
		A836D3832459734900A410F9 /* DescriptionTableViewCell.swift */ = {isa = PBXFileReference; lastKnownFileType = sourcecode.swift; path = DescriptionTableViewCell.swift; sourceTree = "<group>"; };
		A836D386245978C900A410F9 /* DetailNewsContainer.swift */ = {isa = PBXFileReference; lastKnownFileType = sourcecode.swift; path = DetailNewsContainer.swift; sourceTree = "<group>"; };
		A836D3882459975200A410F9 /* NewsTitleTableViewCell.swift */ = {isa = PBXFileReference; lastKnownFileType = sourcecode.swift; path = NewsTitleTableViewCell.swift; sourceTree = "<group>"; };
		A83C050E24536E4000FF8702 /* TestSber.app */ = {isa = PBXFileReference; explicitFileType = wrapper.application; includeInIndex = 0; path = TestSber.app; sourceTree = BUILT_PRODUCTS_DIR; };
		A83C051124536E4000FF8702 /* AppDelegate.swift */ = {isa = PBXFileReference; lastKnownFileType = sourcecode.swift; path = AppDelegate.swift; sourceTree = "<group>"; };
		A83C051A24536E4300FF8702 /* Assets.xcassets */ = {isa = PBXFileReference; lastKnownFileType = folder.assetcatalog; path = Assets.xcassets; sourceTree = "<group>"; };
		A83C051D24536E4300FF8702 /* Base */ = {isa = PBXFileReference; lastKnownFileType = file.storyboard; name = Base; path = Base.lproj/LaunchScreen.storyboard; sourceTree = "<group>"; };
		A83C051F24536E4300FF8702 /* Info.plist */ = {isa = PBXFileReference; lastKnownFileType = text.plist.xml; path = Info.plist; sourceTree = "<group>"; };
		A83C052424536E4400FF8702 /* TestSberTests.xctest */ = {isa = PBXFileReference; explicitFileType = wrapper.cfbundle; includeInIndex = 0; path = TestSberTests.xctest; sourceTree = BUILT_PRODUCTS_DIR; };
		A83C052824536E4400FF8702 /* TestSberTests.swift */ = {isa = PBXFileReference; lastKnownFileType = sourcecode.swift; path = TestSberTests.swift; sourceTree = "<group>"; };
		A83C052A24536E4400FF8702 /* Info.plist */ = {isa = PBXFileReference; lastKnownFileType = text.plist.xml; path = Info.plist; sourceTree = "<group>"; };
		A83C052F24536E4400FF8702 /* TestSberUITests.xctest */ = {isa = PBXFileReference; explicitFileType = wrapper.cfbundle; includeInIndex = 0; path = TestSberUITests.xctest; sourceTree = BUILT_PRODUCTS_DIR; };
		A83C053324536E4400FF8702 /* TestSberUITests.swift */ = {isa = PBXFileReference; lastKnownFileType = sourcecode.swift; path = TestSberUITests.swift; sourceTree = "<group>"; };
		A83C053524536E4400FF8702 /* Info.plist */ = {isa = PBXFileReference; lastKnownFileType = text.plist.xml; path = Info.plist; sourceTree = "<group>"; };
		A83C05512453757500FF8702 /* StartRouter.swift */ = {isa = PBXFileReference; lastKnownFileType = sourcecode.swift; path = StartRouter.swift; sourceTree = "<group>"; };
		A83C0553245375EA00FF8702 /* StartViewController.swift */ = {isa = PBXFileReference; lastKnownFileType = sourcecode.swift; path = StartViewController.swift; sourceTree = "<group>"; };
		A83C05552453763300FF8702 /* StartViewInConnection.swift */ = {isa = PBXFileReference; lastKnownFileType = sourcecode.swift; path = StartViewInConnection.swift; sourceTree = "<group>"; };
		A83C05572453764300FF8702 /* StartPresenter.swift */ = {isa = PBXFileReference; lastKnownFileType = sourcecode.swift; path = StartPresenter.swift; sourceTree = "<group>"; };
		A83C05592453767F00FF8702 /* StartViewOutConnection.swift */ = {isa = PBXFileReference; lastKnownFileType = sourcecode.swift; path = StartViewOutConnection.swift; sourceTree = "<group>"; };
		A83C055B2453769100FF8702 /* StartInteractor.swift */ = {isa = PBXFileReference; lastKnownFileType = sourcecode.swift; path = StartInteractor.swift; sourceTree = "<group>"; };
		A83C055D245376A900FF8702 /* StartPresenterOutConnection.swift */ = {isa = PBXFileReference; lastKnownFileType = sourcecode.swift; path = StartPresenterOutConnection.swift; sourceTree = "<group>"; };
		A83C055F2453779600FF8702 /* StartContainer.swift */ = {isa = PBXFileReference; lastKnownFileType = sourcecode.swift; path = StartContainer.swift; sourceTree = "<group>"; };
		A83C05622453780000FF8702 /* ContainerController.swift */ = {isa = PBXFileReference; lastKnownFileType = sourcecode.swift; path = ContainerController.swift; sourceTree = "<group>"; };
		A83C05662453786100FF8702 /* MainContainer.swift */ = {isa = PBXFileReference; lastKnownFileType = sourcecode.swift; path = MainContainer.swift; sourceTree = "<group>"; };
		A83C056A245378AD00FF8702 /* Containerable.swift */ = {isa = PBXFileReference; lastKnownFileType = sourcecode.swift; path = Containerable.swift; sourceTree = "<group>"; };
		A83C056D24537EA200FF8702 /* RouterContainer.swift */ = {isa = PBXFileReference; lastKnownFileType = sourcecode.swift; path = RouterContainer.swift; sourceTree = "<group>"; };
		A83C0575245380F600FF8702 /* PullableService.swift */ = {isa = PBXFileReference; lastKnownFileType = sourcecode.swift; path = PullableService.swift; sourceTree = "<group>"; };
		A83C05782453838400FF8702 /* Completions.swift */ = {isa = PBXFileReference; lastKnownFileType = sourcecode.swift; path = Completions.swift; sourceTree = "<group>"; };
		A83C057B24538A1A00FF8702 /* TabBarControllerFactory.swift */ = {isa = PBXFileReference; lastKnownFileType = sourcecode.swift; path = TabBarControllerFactory.swift; sourceTree = "<group>"; };
		A83C057E245392BF00FF8702 /* Extensions+UIButton.swift */ = {isa = PBXFileReference; lastKnownFileType = sourcecode.swift; path = "Extensions+UIButton.swift"; sourceTree = "<group>"; };
		A83C05812453964500FF8702 /* Localizable.strings */ = {isa = PBXFileReference; lastKnownFileType = text.plist.strings; path = Localizable.strings; sourceTree = "<group>"; };
		A83C05832453973200FF8702 /* Etensions+UIFont.swift */ = {isa = PBXFileReference; lastKnownFileType = sourcecode.swift; path = "Etensions+UIFont.swift"; sourceTree = "<group>"; };
		A83C0585245398EE00FF8702 /* StartPresenterView.swift */ = {isa = PBXFileReference; lastKnownFileType = sourcecode.swift; path = StartPresenterView.swift; sourceTree = "<group>"; };
		A83C05872453A7DD00FF8702 /* NewsViewController.swift */ = {isa = PBXFileReference; lastKnownFileType = sourcecode.swift; path = NewsViewController.swift; sourceTree = "<group>"; };
		A83C05892453A84400FF8702 /* NewsViewInConnection.swift */ = {isa = PBXFileReference; lastKnownFileType = sourcecode.swift; path = NewsViewInConnection.swift; sourceTree = "<group>"; };
		A83C058B2453A85400FF8702 /* NewsPresenter.swift */ = {isa = PBXFileReference; lastKnownFileType = sourcecode.swift; path = NewsPresenter.swift; sourceTree = "<group>"; };
		A83C058D2453A86D00FF8702 /* NewsViewOutConnection.swift */ = {isa = PBXFileReference; lastKnownFileType = sourcecode.swift; path = NewsViewOutConnection.swift; sourceTree = "<group>"; };
		A83C058F2453A89700FF8702 /* NewsInteractor.swift */ = {isa = PBXFileReference; lastKnownFileType = sourcecode.swift; path = NewsInteractor.swift; sourceTree = "<group>"; };
		A83C05912453A8B300FF8702 /* NewsPresenterOutConnection.swift */ = {isa = PBXFileReference; lastKnownFileType = sourcecode.swift; path = NewsPresenterOutConnection.swift; sourceTree = "<group>"; };
		A83C05932453A97C00FF8702 /* NewsContainer.swift */ = {isa = PBXFileReference; lastKnownFileType = sourcecode.swift; path = NewsContainer.swift; sourceTree = "<group>"; };
		A83C05962453AB7A00FF8702 /* Lifecycable.swift */ = {isa = PBXFileReference; lastKnownFileType = sourcecode.swift; path = Lifecycable.swift; sourceTree = "<group>"; };
		A83D1C322458308B000551F8 /* NetworkServicesContainer.swift */ = {isa = PBXFileReference; lastKnownFileType = sourcecode.swift; path = NetworkServicesContainer.swift; sourceTree = "<group>"; };
		A8477D992454E84E0074F7B0 /* DetailNewsViewController.swift */ = {isa = PBXFileReference; lastKnownFileType = sourcecode.swift; path = DetailNewsViewController.swift; sourceTree = "<group>"; };
		A8477D9B2454E9A80074F7B0 /* DetailNewsViewInConnection.swift */ = {isa = PBXFileReference; lastKnownFileType = sourcecode.swift; path = DetailNewsViewInConnection.swift; sourceTree = "<group>"; };
		A8477D9D2454E9B50074F7B0 /* DetailNewsPresenter.swift */ = {isa = PBXFileReference; lastKnownFileType = sourcecode.swift; path = DetailNewsPresenter.swift; sourceTree = "<group>"; };
		A8477D9F2454E9C50074F7B0 /* DetailNewsViewOutConnection.swift */ = {isa = PBXFileReference; lastKnownFileType = sourcecode.swift; path = DetailNewsViewOutConnection.swift; sourceTree = "<group>"; };
		A8477DA12454E9DC0074F7B0 /* DetailNewsInteractor.swift */ = {isa = PBXFileReference; lastKnownFileType = sourcecode.swift; path = DetailNewsInteractor.swift; sourceTree = "<group>"; };
		A8477DA32454E9EF0074F7B0 /* DetailNewsPresenterOutConnection.swift */ = {isa = PBXFileReference; lastKnownFileType = sourcecode.swift; path = DetailNewsPresenterOutConnection.swift; sourceTree = "<group>"; };
		A8477DA52454EA2E0074F7B0 /* SaveNewsViewInConnection.swift */ = {isa = PBXFileReference; lastKnownFileType = sourcecode.swift; path = SaveNewsViewInConnection.swift; sourceTree = "<group>"; };
		A8477DA72454EA3C0074F7B0 /* SaveNewsPresenter.swift */ = {isa = PBXFileReference; lastKnownFileType = sourcecode.swift; path = SaveNewsPresenter.swift; sourceTree = "<group>"; };
		A8477DA92454EA4C0074F7B0 /* SaveNewsViewOutConnection.swift */ = {isa = PBXFileReference; lastKnownFileType = sourcecode.swift; path = SaveNewsViewOutConnection.swift; sourceTree = "<group>"; };
		A8477DAB2454EA750074F7B0 /* SaveNewsInteractor.swift */ = {isa = PBXFileReference; lastKnownFileType = sourcecode.swift; path = SaveNewsInteractor.swift; sourceTree = "<group>"; };
		A8477DAD2454EA890074F7B0 /* SaveNewsPresenterOutConnection.swift */ = {isa = PBXFileReference; lastKnownFileType = sourcecode.swift; path = SaveNewsPresenterOutConnection.swift; sourceTree = "<group>"; };
		A8477DAF2454EAC10074F7B0 /* UserViewInConnection.swift */ = {isa = PBXFileReference; lastKnownFileType = sourcecode.swift; path = UserViewInConnection.swift; sourceTree = "<group>"; };
		A8477DB12454EADC0074F7B0 /* UserPresenter.swift */ = {isa = PBXFileReference; lastKnownFileType = sourcecode.swift; path = UserPresenter.swift; sourceTree = "<group>"; };
		A8477DB32454EAF10074F7B0 /* UserViewOutConnection.swift */ = {isa = PBXFileReference; lastKnownFileType = sourcecode.swift; path = UserViewOutConnection.swift; sourceTree = "<group>"; };
		A8477DB52454EB0B0074F7B0 /* UserInteractor.swift */ = {isa = PBXFileReference; lastKnownFileType = sourcecode.swift; path = UserInteractor.swift; sourceTree = "<group>"; };
		A8477DB72454EB290074F7B0 /* UserPresenterOutConnection.swift */ = {isa = PBXFileReference; lastKnownFileType = sourcecode.swift; path = UserPresenterOutConnection.swift; sourceTree = "<group>"; };
		A8477DBB2454EC1A0074F7B0 /* SaveContainer.swift */ = {isa = PBXFileReference; lastKnownFileType = sourcecode.swift; path = SaveContainer.swift; sourceTree = "<group>"; };
		A8477DBD2454EC370074F7B0 /* UserContainer.swift */ = {isa = PBXFileReference; lastKnownFileType = sourcecode.swift; path = UserContainer.swift; sourceTree = "<group>"; };
		A8477DC02455010A0074F7B0 /* NotNewsView.swift */ = {isa = PBXFileReference; lastKnownFileType = sourcecode.swift; path = NotNewsView.swift; sourceTree = "<group>"; };
		A8477DC32455020C0074F7B0 /* NibLoadable.swift */ = {isa = PBXFileReference; lastKnownFileType = sourcecode.swift; path = NibLoadable.swift; sourceTree = "<group>"; };
		A873967E2454A19B00C46FCD /* SberRouter.swift */ = {isa = PBXFileReference; lastKnownFileType = sourcecode.swift; path = SberRouter.swift; sourceTree = "<group>"; };
		A87396802454A1AD00C46FCD /* SberRouterPullableServiceType.swift */ = {isa = PBXFileReference; lastKnownFileType = sourcecode.swift; path = SberRouterPullableServiceType.swift; sourceTree = "<group>"; };
		A87396832454AB5500C46FCD /* SaveNewsViewController.swift */ = {isa = PBXFileReference; lastKnownFileType = sourcecode.swift; path = SaveNewsViewController.swift; sourceTree = "<group>"; };
		A87396862454AB9A00C46FCD /* UserViewController.swift */ = {isa = PBXFileReference; lastKnownFileType = sourcecode.swift; path = UserViewController.swift; sourceTree = "<group>"; };
		A8A9ED162457326E00D1374A /* RssModels.swift */ = {isa = PBXFileReference; lastKnownFileType = sourcecode.swift; path = RssModels.swift; sourceTree = "<group>"; };
		A8A9ED1B24573D5E00D1374A /* RealmService.swift */ = {isa = PBXFileReference; lastKnownFileType = sourcecode.swift; path = RealmService.swift; sourceTree = "<group>"; };
		A8A9ED1E2457414800D1374A /* TemplateURL.swift */ = {isa = PBXFileReference; lastKnownFileType = sourcecode.swift; path = TemplateURL.swift; sourceTree = "<group>"; };
		A8A9ED20245743D400D1374A /* RealmServiceImplementation.swift */ = {isa = PBXFileReference; lastKnownFileType = sourcecode.swift; path = RealmServiceImplementation.swift; sourceTree = "<group>"; };
		A8A9ED24245744DD00D1374A /* XMLParserServiceImplementation.swift */ = {isa = PBXFileReference; lastKnownFileType = sourcecode.swift; path = XMLParserServiceImplementation.swift; sourceTree = "<group>"; };
		A8A9ED26245754C800D1374A /* XMLParserService.swift */ = {isa = PBXFileReference; lastKnownFileType = sourcecode.swift; path = XMLParserService.swift; sourceTree = "<group>"; };
		A8AE087224589B5400BC852F /* Extensions+String.swift */ = {isa = PBXFileReference; lastKnownFileType = sourcecode.swift; path = "Extensions+String.swift"; sourceTree = "<group>"; };
		A8AE08752458D1B100BC852F /* Loader.swift */ = {isa = PBXFileReference; lastKnownFileType = sourcecode.swift; path = Loader.swift; sourceTree = "<group>"; };
		A8AE08772458D24100BC852F /* Extensions+UIView.swift */ = {isa = PBXFileReference; lastKnownFileType = sourcecode.swift; path = "Extensions+UIView.swift"; sourceTree = "<group>"; };
		A8AE087A2458D2A400BC852F /* Direction.swift */ = {isa = PBXFileReference; lastKnownFileType = sourcecode.swift; path = Direction.swift; sourceTree = "<group>"; };
		C266EEDB76221B66CBA04C68 /* Pods-TestSber-TestSberUITests.release.xcconfig */ = {isa = PBXFileReference; includeInIndex = 1; lastKnownFileType = text.xcconfig; name = "Pods-TestSber-TestSberUITests.release.xcconfig"; path = "Target Support Files/Pods-TestSber-TestSberUITests/Pods-TestSber-TestSberUITests.release.xcconfig"; sourceTree = "<group>"; };
		C9CB4621ABA8A4C85F16DE37 /* Pods-TestSber-TestSberUITests.debug.xcconfig */ = {isa = PBXFileReference; includeInIndex = 1; lastKnownFileType = text.xcconfig; name = "Pods-TestSber-TestSberUITests.debug.xcconfig"; path = "Target Support Files/Pods-TestSber-TestSberUITests/Pods-TestSber-TestSberUITests.debug.xcconfig"; sourceTree = "<group>"; };
		FE31ABE8E7F1AA15E14C4716 /* Pods-TestSberTests.release.xcconfig */ = {isa = PBXFileReference; includeInIndex = 1; lastKnownFileType = text.xcconfig; name = "Pods-TestSberTests.release.xcconfig"; path = "Target Support Files/Pods-TestSberTests/Pods-TestSberTests.release.xcconfig"; sourceTree = "<group>"; };
/* End PBXFileReference section */

/* Begin PBXFrameworksBuildPhase section */
		A83C050B24536E4000FF8702 /* Frameworks */ = {
			isa = PBXFrameworksBuildPhase;
			buildActionMask = 2147483647;
			files = (
				976BB131FC984996353BE14E /* Pods_TestSber.framework in Frameworks */,
			);
			runOnlyForDeploymentPostprocessing = 0;
		};
		A83C052124536E4400FF8702 /* Frameworks */ = {
			isa = PBXFrameworksBuildPhase;
			buildActionMask = 2147483647;
			files = (
				C3C54684CA4A7FA2BA62940E /* Pods_TestSberTests.framework in Frameworks */,
			);
			runOnlyForDeploymentPostprocessing = 0;
		};
		A83C052C24536E4400FF8702 /* Frameworks */ = {
			isa = PBXFrameworksBuildPhase;
			buildActionMask = 2147483647;
			files = (
				4F52D7F56CDE7561543427DD /* Pods_TestSber_TestSberUITests.framework in Frameworks */,
			);
			runOnlyForDeploymentPostprocessing = 0;
		};
/* End PBXFrameworksBuildPhase section */

/* Begin PBXGroup section */
		99CCA94FE7A8E23A1DBF226C /* Pods */ = {
			isa = PBXGroup;
			children = (
				2CA8B0AB7DAEC51C219160FF /* Pods-TestSber.debug.xcconfig */,
				A4C171AF3BE4E59AE4680954 /* Pods-TestSber.release.xcconfig */,
				C9CB4621ABA8A4C85F16DE37 /* Pods-TestSber-TestSberUITests.debug.xcconfig */,
				C266EEDB76221B66CBA04C68 /* Pods-TestSber-TestSberUITests.release.xcconfig */,
				1ADC3DE71A1E391B5C42A405 /* Pods-TestSberTests.debug.xcconfig */,
				FE31ABE8E7F1AA15E14C4716 /* Pods-TestSberTests.release.xcconfig */,
			);
			path = Pods;
			sourceTree = "<group>";
		};
		A835E5402455AC9C009A163C /* NewsCell */ = {
			isa = PBXGroup;
			children = (
				A835E5472455AFF3009A163C /* NewsCollectionViewCell.swift */,
			);
			path = NewsCell;
			sourceTree = "<group>";
		};
		A835E54B2455C080009A163C /* SelfConfingureCell */ = {
			isa = PBXGroup;
			children = (
				A835E5492455C06B009A163C /* SelfConfiguringCell.swift */,
			);
			path = SelfConfingureCell;
			sourceTree = "<group>";
		};
		A835E54E2455D5B0009A163C /* SaveCell */ = {
			isa = PBXGroup;
			children = (
				A835E54F2455D5D2009A163C /* SaveNewsTableViewCell.swift */,
			);
			path = SaveCell;
			sourceTree = "<group>";
		};
		A836D37E245972EF00A410F9 /* NewcCell */ = {
			isa = PBXGroup;
			children = (
				A836D37F2459731F00A410F9 /* TitleTableViewCell.swift */,
				A836D3882459975200A410F9 /* NewsTitleTableViewCell.swift */,
				A836D3812459733800A410F9 /* TimerTableViewCell.swift */,
				A836D3832459734900A410F9 /* DescriptionTableViewCell.swift */,
			);
			path = NewcCell;
			sourceTree = "<group>";
		};
		A836D3852459785E00A410F9 /* DetailNewsContainer */ = {
			isa = PBXGroup;
			children = (
				A836D386245978C900A410F9 /* DetailNewsContainer.swift */,
			);
			path = DetailNewsContainer;
			sourceTree = "<group>";
		};
		A83C050524536E4000FF8702 = {
			isa = PBXGroup;
			children = (
				A83C051024536E4000FF8702 /* TestSber */,
				A83C052724536E4400FF8702 /* TestSberTests */,
				A83C053224536E4400FF8702 /* TestSberUITests */,
				A83C050F24536E4000FF8702 /* Products */,
				99CCA94FE7A8E23A1DBF226C /* Pods */,
				BEE900EBE401523A774B52C2 /* Frameworks */,
			);
			sourceTree = "<group>";
		};
		A83C050F24536E4000FF8702 /* Products */ = {
			isa = PBXGroup;
			children = (
				A83C050E24536E4000FF8702 /* TestSber.app */,
				A83C052424536E4400FF8702 /* TestSberTests.xctest */,
				A83C052F24536E4400FF8702 /* TestSberUITests.xctest */,
			);
			name = Products;
			sourceTree = "<group>";
		};
		A83C051024536E4000FF8702 /* TestSber */ = {
			isa = PBXGroup;
			children = (
				A83C0542245370F400FF8702 /* SupportFile */,
				A83C0541245370E700FF8702 /* Classes */,
			);
			path = TestSber;
			sourceTree = "<group>";
		};
		A83C052724536E4400FF8702 /* TestSberTests */ = {
			isa = PBXGroup;
			children = (
				A83C052824536E4400FF8702 /* TestSberTests.swift */,
				A83C052A24536E4400FF8702 /* Info.plist */,
			);
			path = TestSberTests;
			sourceTree = "<group>";
		};
		A83C053224536E4400FF8702 /* TestSberUITests */ = {
			isa = PBXGroup;
			children = (
				A83C053324536E4400FF8702 /* TestSberUITests.swift */,
				A83C053524536E4400FF8702 /* Info.plist */,
			);
			path = TestSberUITests;
			sourceTree = "<group>";
		};
		A83C0541245370E700FF8702 /* Classes */ = {
			isa = PBXGroup;
			children = (
				A8AE08792458D28800BC852F /* Enum */,
				A8AE08742458D19100BC852F /* UIElements */,
				A83C0561245377DA00FF8702 /* ContainerController */,
				A8A9ED1D2457412B00D1374A /* ConstantURL */,
				A8A9ED1824573C3B00D1374A /* Services */,
				A8A9ED152457325300D1374A /* Model */,
				A83C056F24537FAB00FF8702 /* Routers */,
				A83C05642453783F00FF8702 /* Containers */,
				A83C057D2453929C00FF8702 /* Extensions */,
				A83C057A24538A0700FF8702 /* TabBar */,
				A83C05772453834500FF8702 /* Typealiases */,
				A83C05682453788400FF8702 /* Protocols */,
				A83C05432453713100FF8702 /* Modules */,
			);
			path = Classes;
			sourceTree = "<group>";
		};
		A83C0542245370F400FF8702 /* SupportFile */ = {
			isa = PBXGroup;
			children = (
				A83C051124536E4000FF8702 /* AppDelegate.swift */,
				A83C051A24536E4300FF8702 /* Assets.xcassets */,
				A83C051C24536E4300FF8702 /* LaunchScreen.storyboard */,
				A83C051F24536E4300FF8702 /* Info.plist */,
				A83C05812453964500FF8702 /* Localizable.strings */,
			);
			path = SupportFile;
			sourceTree = "<group>";
		};
		A83C05432453713100FF8702 /* Modules */ = {
			isa = PBXGroup;
			children = (
				A83C0544245373BA00FF8702 /* StartVC */,
				A83C0545245373C500FF8702 /* NewsVC */,
				A8477D982454E82C0074F7B0 /*  DetailNewsVC */,
				A87396822454AB2600C46FCD /* SaveNewsVC */,
				A87396852454AB7B00C46FCD /* UserVC */,
			);
			path = Modules;
			sourceTree = "<group>";
		};
		A83C0544245373BA00FF8702 /* StartVC */ = {
			isa = PBXGroup;
			children = (
				A83C05502453755600FF8702 /* StartRouter */,
				A83C05472453741C00FF8702 /* StartViewController */,
				A83C05492453743700FF8702 /* StartContainer */,
			);
			path = StartVC;
			sourceTree = "<group>";
		};
		A83C0545245373C500FF8702 /* NewsVC */ = {
			isa = PBXGroup;
			children = (
				A83C054A2453745600FF8702 /* NewsViewController */,
				A835E5402455AC9C009A163C /* NewsCell */,
				A83C054B2453747000FF8702 /* NewsContainer */,
			);
			path = NewsVC;
			sourceTree = "<group>";
		};
		A83C05472453741C00FF8702 /* StartViewController */ = {
			isa = PBXGroup;
			children = (
				A83C0585245398EE00FF8702 /* StartPresenterView.swift */,
				A83C055D245376A900FF8702 /* StartPresenterOutConnection.swift */,
				A83C055B2453769100FF8702 /* StartInteractor.swift */,
				A83C05592453767F00FF8702 /* StartViewOutConnection.swift */,
				A83C05572453764300FF8702 /* StartPresenter.swift */,
				A83C05552453763300FF8702 /* StartViewInConnection.swift */,
				A83C0553245375EA00FF8702 /* StartViewController.swift */,
			);
			path = StartViewController;
			sourceTree = "<group>";
		};
		A83C05492453743700FF8702 /* StartContainer */ = {
			isa = PBXGroup;
			children = (
				A83C055F2453779600FF8702 /* StartContainer.swift */,
			);
			path = StartContainer;
			sourceTree = "<group>";
		};
		A83C054A2453745600FF8702 /* NewsViewController */ = {
			isa = PBXGroup;
			children = (
				A83C05912453A8B300FF8702 /* NewsPresenterOutConnection.swift */,
				A83C058F2453A89700FF8702 /* NewsInteractor.swift */,
				A83C058D2453A86D00FF8702 /* NewsViewOutConnection.swift */,
				A83C058B2453A85400FF8702 /* NewsPresenter.swift */,
				A83C05892453A84400FF8702 /* NewsViewInConnection.swift */,
				A83C05872453A7DD00FF8702 /* NewsViewController.swift */,
			);
			path = NewsViewController;
			sourceTree = "<group>";
		};
		A83C054B2453747000FF8702 /* NewsContainer */ = {
			isa = PBXGroup;
			children = (
				A83C05932453A97C00FF8702 /* NewsContainer.swift */,
			);
			path = NewsContainer;
			sourceTree = "<group>";
		};
		A83C05502453755600FF8702 /* StartRouter */ = {
			isa = PBXGroup;
			children = (
				A83C05512453757500FF8702 /* StartRouter.swift */,
			);
			path = StartRouter;
			sourceTree = "<group>";
		};
		A83C0561245377DA00FF8702 /* ContainerController */ = {
			isa = PBXGroup;
			children = (
				A83C05622453780000FF8702 /* ContainerController.swift */,
			);
			path = ContainerController;
			sourceTree = "<group>";
		};
		A83C05642453783F00FF8702 /* Containers */ = {
			isa = PBXGroup;
			children = (
				A83D1C3124583065000551F8 /* NetWorkService */,
				A83C056C24537E7C00FF8702 /* Router */,
				A83C05652453784E00FF8702 /* Main */,
			);
			path = Containers;
			sourceTree = "<group>";
		};
		A83C05652453784E00FF8702 /* Main */ = {
			isa = PBXGroup;
			children = (
				A83C05662453786100FF8702 /* MainContainer.swift */,
			);
			path = Main;
			sourceTree = "<group>";
		};
		A83C05682453788400FF8702 /* Protocols */ = {
			isa = PBXGroup;
			children = (
				A8477DC2245501F50074F7B0 /* NibLoadable */,
				A83C05952453AB6B00FF8702 /* Lifecycable */,
				A83C0574245380E400FF8702 /* PullableService */,
				A83C05692453789700FF8702 /* Container */,
				A835E54B2455C080009A163C /* SelfConfingureCell */,
			);
			path = Protocols;
			sourceTree = "<group>";
		};
		A83C05692453789700FF8702 /* Container */ = {
			isa = PBXGroup;
			children = (
				A83C056A245378AD00FF8702 /* Containerable.swift */,
			);
			path = Container;
			sourceTree = "<group>";
		};
		A83C056C24537E7C00FF8702 /* Router */ = {
			isa = PBXGroup;
			children = (
				A83C056D24537EA200FF8702 /* RouterContainer.swift */,
			);
			path = Router;
			sourceTree = "<group>";
		};
		A83C056F24537FAB00FF8702 /* Routers */ = {
			isa = PBXGroup;
			children = (
				A873967E2454A19B00C46FCD /* SberRouter.swift */,
				A87396802454A1AD00C46FCD /* SberRouterPullableServiceType.swift */,
			);
			path = Routers;
			sourceTree = "<group>";
		};
		A83C0574245380E400FF8702 /* PullableService */ = {
			isa = PBXGroup;
			children = (
				A83C0575245380F600FF8702 /* PullableService.swift */,
			);
			path = PullableService;
			sourceTree = "<group>";
		};
		A83C05772453834500FF8702 /* Typealiases */ = {
			isa = PBXGroup;
			children = (
				A83C05782453838400FF8702 /* Completions.swift */,
			);
			path = Typealiases;
			sourceTree = "<group>";
		};
		A83C057A24538A0700FF8702 /* TabBar */ = {
			isa = PBXGroup;
			children = (
				A83C057B24538A1A00FF8702 /* TabBarControllerFactory.swift */,
			);
			path = TabBar;
			sourceTree = "<group>";
		};
		A83C057D2453929C00FF8702 /* Extensions */ = {
			isa = PBXGroup;
			children = (
				A83C057E245392BF00FF8702 /* Extensions+UIButton.swift */,
				A83C05832453973200FF8702 /* Etensions+UIFont.swift */,
				A835E5432455AEC9009A163C /* Extensions+UITableView.swift */,
				A835E5452455AF00009A163C /* Extension+UICollectionView.swift */,
				A835E54C2455C773009A163C /* Extension+UIColor.swift */,
				A8AE087224589B5400BC852F /* Extensions+String.swift */,
				A8AE08772458D24100BC852F /* Extensions+UIView.swift */,
			);
			path = Extensions;
			sourceTree = "<group>";
		};
		A83C05952453AB6B00FF8702 /* Lifecycable */ = {
			isa = PBXGroup;
			children = (
				A83C05962453AB7A00FF8702 /* Lifecycable.swift */,
			);
			path = Lifecycable;
			sourceTree = "<group>";
		};
		A83D1C3124583065000551F8 /* NetWorkService */ = {
			isa = PBXGroup;
			children = (
				A83D1C322458308B000551F8 /* NetworkServicesContainer.swift */,
			);
			path = NetWorkService;
			sourceTree = "<group>";
		};
		A8477D982454E82C0074F7B0 /*  DetailNewsVC */ = {
			isa = PBXGroup;
			children = (
				A8477DA32454E9EF0074F7B0 /* DetailNewsPresenterOutConnection.swift */,
				A8477DA12454E9DC0074F7B0 /* DetailNewsInteractor.swift */,
				A8477D9F2454E9C50074F7B0 /* DetailNewsViewOutConnection.swift */,
				A8477D9D2454E9B50074F7B0 /* DetailNewsPresenter.swift */,
				A8477D9B2454E9A80074F7B0 /* DetailNewsViewInConnection.swift */,
				A8477D992454E84E0074F7B0 /* DetailNewsViewController.swift */,
				A836D3852459785E00A410F9 /* DetailNewsContainer */,
				A836D37E245972EF00A410F9 /* NewcCell */,
			);
			path = " DetailNewsVC";
			sourceTree = "<group>";
		};
		A8477DB92454EBD00074F7B0 /* SaveContainer */ = {
			isa = PBXGroup;
			children = (
				A8477DBB2454EC1A0074F7B0 /* SaveContainer.swift */,
			);
			path = SaveContainer;
			sourceTree = "<group>";
		};
		A8477DBA2454EBE00074F7B0 /* UserContainer */ = {
			isa = PBXGroup;
			children = (
				A8477DBD2454EC370074F7B0 /* UserContainer.swift */,
			);
			path = UserContainer;
			sourceTree = "<group>";
		};
		A8477DBF245500C80074F7B0 /* NotNews */ = {
			isa = PBXGroup;
			children = (
				A8477DC02455010A0074F7B0 /* NotNewsView.swift */,
			);
			path = NotNews;
			sourceTree = "<group>";
		};
		A8477DC2245501F50074F7B0 /* NibLoadable */ = {
			isa = PBXGroup;
			children = (
				A8477DC32455020C0074F7B0 /* NibLoadable.swift */,
			);
			path = NibLoadable;
			sourceTree = "<group>";
		};
		A87396822454AB2600C46FCD /* SaveNewsVC */ = {
			isa = PBXGroup;
			children = (
				A8477DAD2454EA890074F7B0 /* SaveNewsPresenterOutConnection.swift */,
				A8477DAB2454EA750074F7B0 /* SaveNewsInteractor.swift */,
				A8477DA92454EA4C0074F7B0 /* SaveNewsViewOutConnection.swift */,
				A8477DA72454EA3C0074F7B0 /* SaveNewsPresenter.swift */,
				A8477DA52454EA2E0074F7B0 /* SaveNewsViewInConnection.swift */,
				A87396832454AB5500C46FCD /* SaveNewsViewController.swift */,
				A835E54E2455D5B0009A163C /* SaveCell */,
				A8477DB92454EBD00074F7B0 /* SaveContainer */,
				A8477DBF245500C80074F7B0 /* NotNews */,
			);
			path = SaveNewsVC;
			sourceTree = "<group>";
		};
		A87396852454AB7B00C46FCD /* UserVC */ = {
			isa = PBXGroup;
			children = (
				A8477DB72454EB290074F7B0 /* UserPresenterOutConnection.swift */,
				A8477DB52454EB0B0074F7B0 /* UserInteractor.swift */,
				A8477DB32454EAF10074F7B0 /* UserViewOutConnection.swift */,
				A8477DB12454EADC0074F7B0 /* UserPresenter.swift */,
				A8477DAF2454EAC10074F7B0 /* UserViewInConnection.swift */,
				A87396862454AB9A00C46FCD /* UserViewController.swift */,
				A8477DBA2454EBE00074F7B0 /* UserContainer */,
			);
			path = UserVC;
			sourceTree = "<group>";
		};
		A8A9ED152457325300D1374A /* Model */ = {
			isa = PBXGroup;
			children = (
				A8A9ED162457326E00D1374A /* RssModels.swift */,
			);
			path = Model;
			sourceTree = "<group>";
		};
		A8A9ED1824573C3B00D1374A /* Services */ = {
			isa = PBXGroup;
			children = (
				A8A9ED222457449100D1374A /* NetworkServise */,
				A8A9ED1924573C5400D1374A /* DataBase */,
			);
			path = Services;
			sourceTree = "<group>";
		};
		A8A9ED1924573C5400D1374A /* DataBase */ = {
			isa = PBXGroup;
			children = (
				A8A9ED1A24573C5E00D1374A /* Realm */,
			);
			path = DataBase;
			sourceTree = "<group>";
		};
		A8A9ED1A24573C5E00D1374A /* Realm */ = {
			isa = PBXGroup;
			children = (
				A8A9ED1B24573D5E00D1374A /* RealmService.swift */,
				A8A9ED20245743D400D1374A /* RealmServiceImplementation.swift */,
			);
			path = Realm;
			sourceTree = "<group>";
		};
		A8A9ED1D2457412B00D1374A /* ConstantURL */ = {
			isa = PBXGroup;
			children = (
				A8A9ED1E2457414800D1374A /* TemplateURL.swift */,
			);
			path = ConstantURL;
			sourceTree = "<group>";
		};
		A8A9ED222457449100D1374A /* NetworkServise */ = {
			isa = PBXGroup;
			children = (
				A8A9ED23245744AD00D1374A /* XMLParser */,
			);
			path = NetworkServise;
			sourceTree = "<group>";
		};
		A8A9ED23245744AD00D1374A /* XMLParser */ = {
			isa = PBXGroup;
			children = (
				A8A9ED26245754C800D1374A /* XMLParserService.swift */,
				A8A9ED24245744DD00D1374A /* XMLParserServiceImplementation.swift */,
			);
			path = XMLParser;
			sourceTree = "<group>";
		};
		A8AE08742458D19100BC852F /* UIElements */ = {
			isa = PBXGroup;
			children = (
				A8AE08752458D1B100BC852F /* Loader.swift */,
			);
			path = UIElements;
			sourceTree = "<group>";
		};
		A8AE08792458D28800BC852F /* Enum */ = {
			isa = PBXGroup;
			children = (
				A8AE087A2458D2A400BC852F /* Direction.swift */,
			);
			path = Enum;
			sourceTree = "<group>";
		};
		BEE900EBE401523A774B52C2 /* Frameworks */ = {
			isa = PBXGroup;
			children = (
				5AB5F70C4A832517853B24D2 /* Pods_TestSber.framework */,
				1A0F1CF1DECC727CD3490328 /* Pods_TestSber_TestSberUITests.framework */,
				14137ACEDCC85A1B58A9B119 /* Pods_TestSberTests.framework */,
			);
			name = Frameworks;
			sourceTree = "<group>";
		};
/* End PBXGroup section */

/* Begin PBXNativeTarget section */
		A83C050D24536E4000FF8702 /* TestSber */ = {
			isa = PBXNativeTarget;
			buildConfigurationList = A83C053824536E4400FF8702 /* Build configuration list for PBXNativeTarget "TestSber" */;
			buildPhases = (
				43D406FB1D9636B4A4B55B15 /* [CP] Check Pods Manifest.lock */,
				A83C050A24536E4000FF8702 /* Sources */,
				A83C050B24536E4000FF8702 /* Frameworks */,
				A83C050C24536E4000FF8702 /* Resources */,
				DF70585CCCC5E36EBA68848C /* [CP] Embed Pods Frameworks */,
			);
			buildRules = (
			);
			dependencies = (
			);
			name = TestSber;
			productName = TestSber;
			productReference = A83C050E24536E4000FF8702 /* TestSber.app */;
			productType = "com.apple.product-type.application";
		};
		A83C052324536E4400FF8702 /* TestSberTests */ = {
			isa = PBXNativeTarget;
			buildConfigurationList = A83C053B24536E4400FF8702 /* Build configuration list for PBXNativeTarget "TestSberTests" */;
			buildPhases = (
				DBF0F9D00B13CAD55655481B /* [CP] Check Pods Manifest.lock */,
				A83C052024536E4400FF8702 /* Sources */,
				A83C052124536E4400FF8702 /* Frameworks */,
				A83C052224536E4400FF8702 /* Resources */,
			);
			buildRules = (
			);
			dependencies = (
				A83C052624536E4400FF8702 /* PBXTargetDependency */,
			);
			name = TestSberTests;
			productName = TestSberTests;
			productReference = A83C052424536E4400FF8702 /* TestSberTests.xctest */;
			productType = "com.apple.product-type.bundle.unit-test";
		};
		A83C052E24536E4400FF8702 /* TestSberUITests */ = {
			isa = PBXNativeTarget;
			buildConfigurationList = A83C053E24536E4400FF8702 /* Build configuration list for PBXNativeTarget "TestSberUITests" */;
			buildPhases = (
				36D355A5E6EF31B87ABCAE86 /* [CP] Check Pods Manifest.lock */,
				A83C052B24536E4400FF8702 /* Sources */,
				A83C052C24536E4400FF8702 /* Frameworks */,
				A83C052D24536E4400FF8702 /* Resources */,
				175F09277FBF112CDAA8444F /* [CP] Embed Pods Frameworks */,
			);
			buildRules = (
			);
			dependencies = (
				A83C053124536E4400FF8702 /* PBXTargetDependency */,
			);
			name = TestSberUITests;
			productName = TestSberUITests;
			productReference = A83C052F24536E4400FF8702 /* TestSberUITests.xctest */;
			productType = "com.apple.product-type.bundle.ui-testing";
		};
/* End PBXNativeTarget section */

/* Begin PBXProject section */
		A83C050624536E4000FF8702 /* Project object */ = {
			isa = PBXProject;
			attributes = {
				LastSwiftUpdateCheck = 1140;
				LastUpgradeCheck = 1140;
				ORGANIZATIONNAME = SberTestViper;
				TargetAttributes = {
					A83C050D24536E4000FF8702 = {
						CreatedOnToolsVersion = 11.4.1;
					};
					A83C052324536E4400FF8702 = {
						CreatedOnToolsVersion = 11.4.1;
						TestTargetID = A83C050D24536E4000FF8702;
					};
					A83C052E24536E4400FF8702 = {
						CreatedOnToolsVersion = 11.4.1;
						TestTargetID = A83C050D24536E4000FF8702;
					};
				};
			};
			buildConfigurationList = A83C050924536E4000FF8702 /* Build configuration list for PBXProject "TestSber" */;
			compatibilityVersion = "Xcode 9.3";
			developmentRegion = en;
			hasScannedForEncodings = 0;
			knownRegions = (
				en,
				Base,
			);
			mainGroup = A83C050524536E4000FF8702;
			productRefGroup = A83C050F24536E4000FF8702 /* Products */;
			projectDirPath = "";
			projectRoot = "";
			targets = (
				A83C050D24536E4000FF8702 /* TestSber */,
				A83C052324536E4400FF8702 /* TestSberTests */,
				A83C052E24536E4400FF8702 /* TestSberUITests */,
			);
		};
/* End PBXProject section */

/* Begin PBXResourcesBuildPhase section */
		A83C050C24536E4000FF8702 /* Resources */ = {
			isa = PBXResourcesBuildPhase;
			buildActionMask = 2147483647;
			files = (
				A83C051E24536E4300FF8702 /* LaunchScreen.storyboard in Resources */,
				A83C05822453964500FF8702 /* Localizable.strings in Resources */,
				A83C051B24536E4300FF8702 /* Assets.xcassets in Resources */,
			);
			runOnlyForDeploymentPostprocessing = 0;
		};
		A83C052224536E4400FF8702 /* Resources */ = {
			isa = PBXResourcesBuildPhase;
			buildActionMask = 2147483647;
			files = (
			);
			runOnlyForDeploymentPostprocessing = 0;
		};
		A83C052D24536E4400FF8702 /* Resources */ = {
			isa = PBXResourcesBuildPhase;
			buildActionMask = 2147483647;
			files = (
			);
			runOnlyForDeploymentPostprocessing = 0;
		};
/* End PBXResourcesBuildPhase section */

/* Begin PBXShellScriptBuildPhase section */
		175F09277FBF112CDAA8444F /* [CP] Embed Pods Frameworks */ = {
			isa = PBXShellScriptBuildPhase;
			buildActionMask = 2147483647;
			files = (
			);
			inputFileListPaths = (
				"${PODS_ROOT}/Target Support Files/Pods-TestSber-TestSberUITests/Pods-TestSber-TestSberUITests-frameworks-${CONFIGURATION}-input-files.xcfilelist",
			);
			name = "[CP] Embed Pods Frameworks";
			outputFileListPaths = (
				"${PODS_ROOT}/Target Support Files/Pods-TestSber-TestSberUITests/Pods-TestSber-TestSberUITests-frameworks-${CONFIGURATION}-output-files.xcfilelist",
			);
			runOnlyForDeploymentPostprocessing = 0;
			shellPath = /bin/sh;
			shellScript = "\"${PODS_ROOT}/Target Support Files/Pods-TestSber-TestSberUITests/Pods-TestSber-TestSberUITests-frameworks.sh\"\n";
			showEnvVarsInLog = 0;
		};
		36D355A5E6EF31B87ABCAE86 /* [CP] Check Pods Manifest.lock */ = {
			isa = PBXShellScriptBuildPhase;
			buildActionMask = 2147483647;
			files = (
			);
			inputFileListPaths = (
			);
			inputPaths = (
				"${PODS_PODFILE_DIR_PATH}/Podfile.lock",
				"${PODS_ROOT}/Manifest.lock",
			);
			name = "[CP] Check Pods Manifest.lock";
			outputFileListPaths = (
			);
			outputPaths = (
				"$(DERIVED_FILE_DIR)/Pods-TestSber-TestSberUITests-checkManifestLockResult.txt",
			);
			runOnlyForDeploymentPostprocessing = 0;
			shellPath = /bin/sh;
			shellScript = "diff \"${PODS_PODFILE_DIR_PATH}/Podfile.lock\" \"${PODS_ROOT}/Manifest.lock\" > /dev/null\nif [ $? != 0 ] ; then\n    # print error to STDERR\n    echo \"error: The sandbox is not in sync with the Podfile.lock. Run 'pod install' or update your CocoaPods installation.\" >&2\n    exit 1\nfi\n# This output is used by Xcode 'outputs' to avoid re-running this script phase.\necho \"SUCCESS\" > \"${SCRIPT_OUTPUT_FILE_0}\"\n";
			showEnvVarsInLog = 0;
		};
		43D406FB1D9636B4A4B55B15 /* [CP] Check Pods Manifest.lock */ = {
			isa = PBXShellScriptBuildPhase;
			buildActionMask = 2147483647;
			files = (
			);
			inputFileListPaths = (
			);
			inputPaths = (
				"${PODS_PODFILE_DIR_PATH}/Podfile.lock",
				"${PODS_ROOT}/Manifest.lock",
			);
			name = "[CP] Check Pods Manifest.lock";
			outputFileListPaths = (
			);
			outputPaths = (
				"$(DERIVED_FILE_DIR)/Pods-TestSber-checkManifestLockResult.txt",
			);
			runOnlyForDeploymentPostprocessing = 0;
			shellPath = /bin/sh;
			shellScript = "diff \"${PODS_PODFILE_DIR_PATH}/Podfile.lock\" \"${PODS_ROOT}/Manifest.lock\" > /dev/null\nif [ $? != 0 ] ; then\n    # print error to STDERR\n    echo \"error: The sandbox is not in sync with the Podfile.lock. Run 'pod install' or update your CocoaPods installation.\" >&2\n    exit 1\nfi\n# This output is used by Xcode 'outputs' to avoid re-running this script phase.\necho \"SUCCESS\" > \"${SCRIPT_OUTPUT_FILE_0}\"\n";
			showEnvVarsInLog = 0;
		};
		DBF0F9D00B13CAD55655481B /* [CP] Check Pods Manifest.lock */ = {
			isa = PBXShellScriptBuildPhase;
			buildActionMask = 2147483647;
			files = (
			);
			inputFileListPaths = (
			);
			inputPaths = (
				"${PODS_PODFILE_DIR_PATH}/Podfile.lock",
				"${PODS_ROOT}/Manifest.lock",
			);
			name = "[CP] Check Pods Manifest.lock";
			outputFileListPaths = (
			);
			outputPaths = (
				"$(DERIVED_FILE_DIR)/Pods-TestSberTests-checkManifestLockResult.txt",
			);
			runOnlyForDeploymentPostprocessing = 0;
			shellPath = /bin/sh;
			shellScript = "diff \"${PODS_PODFILE_DIR_PATH}/Podfile.lock\" \"${PODS_ROOT}/Manifest.lock\" > /dev/null\nif [ $? != 0 ] ; then\n    # print error to STDERR\n    echo \"error: The sandbox is not in sync with the Podfile.lock. Run 'pod install' or update your CocoaPods installation.\" >&2\n    exit 1\nfi\n# This output is used by Xcode 'outputs' to avoid re-running this script phase.\necho \"SUCCESS\" > \"${SCRIPT_OUTPUT_FILE_0}\"\n";
			showEnvVarsInLog = 0;
		};
		DF70585CCCC5E36EBA68848C /* [CP] Embed Pods Frameworks */ = {
			isa = PBXShellScriptBuildPhase;
			buildActionMask = 2147483647;
			files = (
			);
			inputFileListPaths = (
				"${PODS_ROOT}/Target Support Files/Pods-TestSber/Pods-TestSber-frameworks-${CONFIGURATION}-input-files.xcfilelist",
			);
			name = "[CP] Embed Pods Frameworks";
			outputFileListPaths = (
				"${PODS_ROOT}/Target Support Files/Pods-TestSber/Pods-TestSber-frameworks-${CONFIGURATION}-output-files.xcfilelist",
			);
			runOnlyForDeploymentPostprocessing = 0;
			shellPath = /bin/sh;
			shellScript = "\"${PODS_ROOT}/Target Support Files/Pods-TestSber/Pods-TestSber-frameworks.sh\"\n";
			showEnvVarsInLog = 0;
		};
/* End PBXShellScriptBuildPhase section */

/* Begin PBXSourcesBuildPhase section */
		A83C050A24536E4000FF8702 /* Sources */ = {
			isa = PBXSourcesBuildPhase;
			buildActionMask = 2147483647;
			files = (
				A836D3842459734900A410F9 /* DescriptionTableViewCell.swift in Sources */,
				A8477DBC2454EC1A0074F7B0 /* SaveContainer.swift in Sources */,
				A83C057F245392BF00FF8702 /* Extensions+UIButton.swift in Sources */,
				A8A9ED21245743D400D1374A /* RealmServiceImplementation.swift in Sources */,
				A8477DB82454EB290074F7B0 /* UserPresenterOutConnection.swift in Sources */,
				A8A9ED25245744DD00D1374A /* XMLParserServiceImplementation.swift in Sources */,
				A8477DA62454EA2E0074F7B0 /* SaveNewsViewInConnection.swift in Sources */,
				A83C05842453973200FF8702 /* Etensions+UIFont.swift in Sources */,
				A8AE087B2458D2A400BC852F /* Direction.swift in Sources */,
				A83C057C24538A1A00FF8702 /* TabBarControllerFactory.swift in Sources */,
				A8AE08762458D1B100BC852F /* Loader.swift in Sources */,
				A83C058C2453A85400FF8702 /* NewsPresenter.swift in Sources */,
				A83C0554245375EA00FF8702 /* StartViewController.swift in Sources */,
				A83D1C332458308B000551F8 /* NetworkServicesContainer.swift in Sources */,
				A87396812454A1AD00C46FCD /* SberRouterPullableServiceType.swift in Sources */,
				A8477DA82454EA3C0074F7B0 /* SaveNewsPresenter.swift in Sources */,
				A8477DA02454E9C50074F7B0 /* DetailNewsViewOutConnection.swift in Sources */,
				A83C055C2453769100FF8702 /* StartInteractor.swift in Sources */,
				A8477DA22454E9DC0074F7B0 /* DetailNewsInteractor.swift in Sources */,
				A83C0576245380F600FF8702 /* PullableService.swift in Sources */,
				A835E5482455AFF3009A163C /* NewsCollectionViewCell.swift in Sources */,
				A8477D9A2454E84E0074F7B0 /* DetailNewsViewController.swift in Sources */,
				A83C056E24537EA200FF8702 /* RouterContainer.swift in Sources */,
				A8477DBE2454EC370074F7B0 /* UserContainer.swift in Sources */,
				A83C051224536E4000FF8702 /* AppDelegate.swift in Sources */,
				A8A9ED1F2457414800D1374A /* TemplateURL.swift in Sources */,
				A8477DC42455020C0074F7B0 /* NibLoadable.swift in Sources */,
				A83C055A2453767F00FF8702 /* StartViewOutConnection.swift in Sources */,
				A8477DA42454E9EF0074F7B0 /* DetailNewsPresenterOutConnection.swift in Sources */,
				A83C05522453757500FF8702 /* StartRouter.swift in Sources */,
				A835E54D2455C773009A163C /* Extension+UIColor.swift in Sources */,
				A83C05972453AB7A00FF8702 /* Lifecycable.swift in Sources */,
				A83C05792453838400FF8702 /* Completions.swift in Sources */,
				A8477DAC2454EA750074F7B0 /* SaveNewsInteractor.swift in Sources */,
				A8477DB22454EADC0074F7B0 /* UserPresenter.swift in Sources */,
				A87396842454AB5500C46FCD /* SaveNewsViewController.swift in Sources */,
				A8477D9E2454E9B50074F7B0 /* DetailNewsPresenter.swift in Sources */,
				A87396872454AB9A00C46FCD /* UserViewController.swift in Sources */,
				A83C05602453779600FF8702 /* StartContainer.swift in Sources */,
				A8477DC12455010A0074F7B0 /* NotNewsView.swift in Sources */,
				A83C055E245376A900FF8702 /* StartPresenterOutConnection.swift in Sources */,
				A8477DB62454EB0B0074F7B0 /* UserInteractor.swift in Sources */,
				A8AE087324589B5400BC852F /* Extensions+String.swift in Sources */,
				A8A9ED1C24573D5E00D1374A /* RealmService.swift in Sources */,
				A836D3802459731F00A410F9 /* TitleTableViewCell.swift in Sources */,
				A8477DAA2454EA4C0074F7B0 /* SaveNewsViewOutConnection.swift in Sources */,
				A8A9ED27245754C800D1374A /* XMLParserService.swift in Sources */,
				A836D387245978C900A410F9 /* DetailNewsContainer.swift in Sources */,
				A83C05922453A8B300FF8702 /* NewsPresenterOutConnection.swift in Sources */,
				A836D3892459975200A410F9 /* NewsTitleTableViewCell.swift in Sources */,
				A8477DB02454EAC10074F7B0 /* UserViewInConnection.swift in Sources */,
				A8477D9C2454E9A80074F7B0 /* DetailNewsViewInConnection.swift in Sources */,
				A83C056B245378AD00FF8702 /* Containerable.swift in Sources */,
				A8AE08782458D24100BC852F /* Extensions+UIView.swift in Sources */,
				A835E5442455AEC9009A163C /* Extensions+UITableView.swift in Sources */,
				A83C05882453A7DD00FF8702 /* NewsViewController.swift in Sources */,
				A83C05902453A89700FF8702 /* NewsInteractor.swift in Sources */,
				A83C0586245398EE00FF8702 /* StartPresenterView.swift in Sources */,
				A83C058A2453A84400FF8702 /* NewsViewInConnection.swift in Sources */,
				A835E5502455D5D2009A163C /* SaveNewsTableViewCell.swift in Sources */,
				A8477DB42454EAF10074F7B0 /* UserViewOutConnection.swift in Sources */,
				A83C05942453A97C00FF8702 /* NewsContainer.swift in Sources */,
				A8A9ED172457326E00D1374A /* RssModels.swift in Sources */,
				A83C05562453763300FF8702 /* StartViewInConnection.swift in Sources */,
				A83C05632453780000FF8702 /* ContainerController.swift in Sources */,
				A835E54A2455C06B009A163C /* SelfConfiguringCell.swift in Sources */,
				A8477DAE2454EA890074F7B0 /* SaveNewsPresenterOutConnection.swift in Sources */,
				A83C058E2453A86D00FF8702 /* NewsViewOutConnection.swift in Sources */,
				A83C05672453786100FF8702 /* MainContainer.swift in Sources */,
				A873967F2454A19B00C46FCD /* SberRouter.swift in Sources */,
				A836D3822459733800A410F9 /* TimerTableViewCell.swift in Sources */,
				A835E5462455AF00009A163C /* Extension+UICollectionView.swift in Sources */,
				A83C05582453764300FF8702 /* StartPresenter.swift in Sources */,
			);
			runOnlyForDeploymentPostprocessing = 0;
		};
		A83C052024536E4400FF8702 /* Sources */ = {
			isa = PBXSourcesBuildPhase;
			buildActionMask = 2147483647;
			files = (
				A83C052924536E4400FF8702 /* TestSberTests.swift in Sources */,
			);
			runOnlyForDeploymentPostprocessing = 0;
		};
		A83C052B24536E4400FF8702 /* Sources */ = {
			isa = PBXSourcesBuildPhase;
			buildActionMask = 2147483647;
			files = (
				A83C053424536E4400FF8702 /* TestSberUITests.swift in Sources */,
			);
			runOnlyForDeploymentPostprocessing = 0;
		};
/* End PBXSourcesBuildPhase section */

/* Begin PBXTargetDependency section */
		A83C052624536E4400FF8702 /* PBXTargetDependency */ = {
			isa = PBXTargetDependency;
			target = A83C050D24536E4000FF8702 /* TestSber */;
			targetProxy = A83C052524536E4400FF8702 /* PBXContainerItemProxy */;
		};
		A83C053124536E4400FF8702 /* PBXTargetDependency */ = {
			isa = PBXTargetDependency;
			target = A83C050D24536E4000FF8702 /* TestSber */;
			targetProxy = A83C053024536E4400FF8702 /* PBXContainerItemProxy */;
		};
/* End PBXTargetDependency section */

/* Begin PBXVariantGroup section */
		A83C051C24536E4300FF8702 /* LaunchScreen.storyboard */ = {
			isa = PBXVariantGroup;
			children = (
				A83C051D24536E4300FF8702 /* Base */,
			);
			name = LaunchScreen.storyboard;
			sourceTree = "<group>";
		};
/* End PBXVariantGroup section */

/* Begin XCBuildConfiguration section */
		A83C053624536E4400FF8702 /* Debug */ = {
			isa = XCBuildConfiguration;
			buildSettings = {
				ALWAYS_SEARCH_USER_PATHS = NO;
				CLANG_ANALYZER_LOCALIZABILITY_NONLOCALIZED = YES;
				CLANG_ANALYZER_NONNULL = YES;
				CLANG_ANALYZER_NUMBER_OBJECT_CONVERSION = YES_AGGRESSIVE;
				CLANG_CXX_LANGUAGE_STANDARD = "gnu++14";
				CLANG_CXX_LIBRARY = "libc++";
				CLANG_ENABLE_MODULES = YES;
				CLANG_ENABLE_OBJC_ARC = YES;
				CLANG_ENABLE_OBJC_WEAK = YES;
				CLANG_WARN_BLOCK_CAPTURE_AUTORELEASING = YES;
				CLANG_WARN_BOOL_CONVERSION = YES;
				CLANG_WARN_COMMA = YES;
				CLANG_WARN_CONSTANT_CONVERSION = YES;
				CLANG_WARN_DEPRECATED_OBJC_IMPLEMENTATIONS = YES;
				CLANG_WARN_DIRECT_OBJC_ISA_USAGE = YES_ERROR;
				CLANG_WARN_DOCUMENTATION_COMMENTS = YES;
				CLANG_WARN_EMPTY_BODY = YES;
				CLANG_WARN_ENUM_CONVERSION = YES;
				CLANG_WARN_INFINITE_RECURSION = YES;
				CLANG_WARN_INT_CONVERSION = YES;
				CLANG_WARN_NON_LITERAL_NULL_CONVERSION = YES;
				CLANG_WARN_OBJC_IMPLICIT_RETAIN_SELF = YES;
				CLANG_WARN_OBJC_LITERAL_CONVERSION = YES;
				CLANG_WARN_OBJC_ROOT_CLASS = YES_ERROR;
				CLANG_WARN_RANGE_LOOP_ANALYSIS = YES;
				CLANG_WARN_STRICT_PROTOTYPES = YES;
				CLANG_WARN_SUSPICIOUS_MOVE = YES;
				CLANG_WARN_UNGUARDED_AVAILABILITY = YES_AGGRESSIVE;
				CLANG_WARN_UNREACHABLE_CODE = YES;
				CLANG_WARN__DUPLICATE_METHOD_MATCH = YES;
				COPY_PHASE_STRIP = NO;
				DEBUG_INFORMATION_FORMAT = dwarf;
				ENABLE_STRICT_OBJC_MSGSEND = YES;
				ENABLE_TESTABILITY = YES;
				GCC_C_LANGUAGE_STANDARD = gnu11;
				GCC_DYNAMIC_NO_PIC = NO;
				GCC_NO_COMMON_BLOCKS = YES;
				GCC_OPTIMIZATION_LEVEL = 0;
				GCC_PREPROCESSOR_DEFINITIONS = (
					"DEBUG=1",
					"$(inherited)",
				);
				GCC_WARN_64_TO_32_BIT_CONVERSION = YES;
				GCC_WARN_ABOUT_RETURN_TYPE = YES_ERROR;
				GCC_WARN_UNDECLARED_SELECTOR = YES;
				GCC_WARN_UNINITIALIZED_AUTOS = YES_AGGRESSIVE;
				GCC_WARN_UNUSED_FUNCTION = YES;
				GCC_WARN_UNUSED_VARIABLE = YES;
				IPHONEOS_DEPLOYMENT_TARGET = 13.4;
				MTL_ENABLE_DEBUG_INFO = INCLUDE_SOURCE;
				MTL_FAST_MATH = YES;
				ONLY_ACTIVE_ARCH = YES;
				SDKROOT = iphoneos;
				SWIFT_ACTIVE_COMPILATION_CONDITIONS = DEBUG;
				SWIFT_OPTIMIZATION_LEVEL = "-Onone";
			};
			name = Debug;
		};
		A83C053724536E4400FF8702 /* Release */ = {
			isa = XCBuildConfiguration;
			buildSettings = {
				ALWAYS_SEARCH_USER_PATHS = NO;
				CLANG_ANALYZER_LOCALIZABILITY_NONLOCALIZED = YES;
				CLANG_ANALYZER_NONNULL = YES;
				CLANG_ANALYZER_NUMBER_OBJECT_CONVERSION = YES_AGGRESSIVE;
				CLANG_CXX_LANGUAGE_STANDARD = "gnu++14";
				CLANG_CXX_LIBRARY = "libc++";
				CLANG_ENABLE_MODULES = YES;
				CLANG_ENABLE_OBJC_ARC = YES;
				CLANG_ENABLE_OBJC_WEAK = YES;
				CLANG_WARN_BLOCK_CAPTURE_AUTORELEASING = YES;
				CLANG_WARN_BOOL_CONVERSION = YES;
				CLANG_WARN_COMMA = YES;
				CLANG_WARN_CONSTANT_CONVERSION = YES;
				CLANG_WARN_DEPRECATED_OBJC_IMPLEMENTATIONS = YES;
				CLANG_WARN_DIRECT_OBJC_ISA_USAGE = YES_ERROR;
				CLANG_WARN_DOCUMENTATION_COMMENTS = YES;
				CLANG_WARN_EMPTY_BODY = YES;
				CLANG_WARN_ENUM_CONVERSION = YES;
				CLANG_WARN_INFINITE_RECURSION = YES;
				CLANG_WARN_INT_CONVERSION = YES;
				CLANG_WARN_NON_LITERAL_NULL_CONVERSION = YES;
				CLANG_WARN_OBJC_IMPLICIT_RETAIN_SELF = YES;
				CLANG_WARN_OBJC_LITERAL_CONVERSION = YES;
				CLANG_WARN_OBJC_ROOT_CLASS = YES_ERROR;
				CLANG_WARN_RANGE_LOOP_ANALYSIS = YES;
				CLANG_WARN_STRICT_PROTOTYPES = YES;
				CLANG_WARN_SUSPICIOUS_MOVE = YES;
				CLANG_WARN_UNGUARDED_AVAILABILITY = YES_AGGRESSIVE;
				CLANG_WARN_UNREACHABLE_CODE = YES;
				CLANG_WARN__DUPLICATE_METHOD_MATCH = YES;
				COPY_PHASE_STRIP = NO;
				DEBUG_INFORMATION_FORMAT = "dwarf-with-dsym";
				ENABLE_NS_ASSERTIONS = NO;
				ENABLE_STRICT_OBJC_MSGSEND = YES;
				GCC_C_LANGUAGE_STANDARD = gnu11;
				GCC_NO_COMMON_BLOCKS = YES;
				GCC_WARN_64_TO_32_BIT_CONVERSION = YES;
				GCC_WARN_ABOUT_RETURN_TYPE = YES_ERROR;
				GCC_WARN_UNDECLARED_SELECTOR = YES;
				GCC_WARN_UNINITIALIZED_AUTOS = YES_AGGRESSIVE;
				GCC_WARN_UNUSED_FUNCTION = YES;
				GCC_WARN_UNUSED_VARIABLE = YES;
				IPHONEOS_DEPLOYMENT_TARGET = 13.4;
				MTL_ENABLE_DEBUG_INFO = NO;
				MTL_FAST_MATH = YES;
				SDKROOT = iphoneos;
				SWIFT_COMPILATION_MODE = wholemodule;
				SWIFT_OPTIMIZATION_LEVEL = "-O";
				VALIDATE_PRODUCT = YES;
			};
			name = Release;
		};
		A83C053924536E4400FF8702 /* Debug */ = {
			isa = XCBuildConfiguration;
			baseConfigurationReference = 2CA8B0AB7DAEC51C219160FF /* Pods-TestSber.debug.xcconfig */;
			buildSettings = {
				ASSETCATALOG_COMPILER_APPICON_NAME = AppIcon;
				CODE_SIGN_STYLE = Automatic;
				CURRENT_PROJECT_VERSION = 1;
				DEVELOPMENT_TEAM = G9EVQJ4C2M;
				INFOPLIST_FILE = "$(SRCROOT)/TestSber/SupportFile/Info.plist";
				LD_RUNPATH_SEARCH_PATHS = (
					"$(inherited)",
					"@executable_path/Frameworks",
				);
				MARKETING_VERSION = 1;
				PRODUCT_BUNDLE_IDENTIFIER = com.TestSber;
				PRODUCT_NAME = "$(TARGET_NAME)";
				SWIFT_VERSION = 5.0;
				TARGETED_DEVICE_FAMILY = 1;
			};
			name = Debug;
		};
		A83C053A24536E4400FF8702 /* Release */ = {
			isa = XCBuildConfiguration;
			baseConfigurationReference = A4C171AF3BE4E59AE4680954 /* Pods-TestSber.release.xcconfig */;
			buildSettings = {
				ASSETCATALOG_COMPILER_APPICON_NAME = AppIcon;
				CODE_SIGN_STYLE = Automatic;
				CURRENT_PROJECT_VERSION = 1;
				DEVELOPMENT_TEAM = G9EVQJ4C2M;
				INFOPLIST_FILE = "$(SRCROOT)/TestSber/SupportFile/Info.plist";
				LD_RUNPATH_SEARCH_PATHS = (
					"$(inherited)",
					"@executable_path/Frameworks",
				);
				MARKETING_VERSION = 1;
				PRODUCT_BUNDLE_IDENTIFIER = com.TestSber;
				PRODUCT_NAME = "$(TARGET_NAME)";
				SWIFT_VERSION = 5.0;
				TARGETED_DEVICE_FAMILY = 1;
			};
			name = Release;
		};
		A83C053C24536E4400FF8702 /* Debug */ = {
			isa = XCBuildConfiguration;
			baseConfigurationReference = 1ADC3DE71A1E391B5C42A405 /* Pods-TestSberTests.debug.xcconfig */;
			buildSettings = {
				ALWAYS_EMBED_SWIFT_STANDARD_LIBRARIES = YES;
				BUNDLE_LOADER = "$(TEST_HOST)";
				CODE_SIGN_STYLE = Automatic;
				DEVELOPMENT_TEAM = G9EVQJ4C2M;
				INFOPLIST_FILE = TestSberTests/Info.plist;
				IPHONEOS_DEPLOYMENT_TARGET = 13.4;
				LD_RUNPATH_SEARCH_PATHS = (
					"$(inherited)",
					"@executable_path/Frameworks",
					"@loader_path/Frameworks",
				);
				PRODUCT_BUNDLE_IDENTIFIER = com.TestSberTests;
				PRODUCT_NAME = "$(TARGET_NAME)";
				SWIFT_VERSION = 5.0;
				TARGETED_DEVICE_FAMILY = "1,2";
				TEST_HOST = "$(BUILT_PRODUCTS_DIR)/TestSber.app/TestSber";
			};
			name = Debug;
		};
		A83C053D24536E4400FF8702 /* Release */ = {
			isa = XCBuildConfiguration;
			baseConfigurationReference = FE31ABE8E7F1AA15E14C4716 /* Pods-TestSberTests.release.xcconfig */;
			buildSettings = {
				ALWAYS_EMBED_SWIFT_STANDARD_LIBRARIES = YES;
				BUNDLE_LOADER = "$(TEST_HOST)";
				CODE_SIGN_STYLE = Automatic;
				DEVELOPMENT_TEAM = G9EVQJ4C2M;
				INFOPLIST_FILE = TestSberTests/Info.plist;
				IPHONEOS_DEPLOYMENT_TARGET = 13.4;
				LD_RUNPATH_SEARCH_PATHS = (
					"$(inherited)",
					"@executable_path/Frameworks",
					"@loader_path/Frameworks",
				);
				PRODUCT_BUNDLE_IDENTIFIER = com.TestSberTests;
				PRODUCT_NAME = "$(TARGET_NAME)";
				SWIFT_VERSION = 5.0;
				TARGETED_DEVICE_FAMILY = "1,2";
				TEST_HOST = "$(BUILT_PRODUCTS_DIR)/TestSber.app/TestSber";
			};
			name = Release;
		};
		A83C053F24536E4400FF8702 /* Debug */ = {
			isa = XCBuildConfiguration;
			baseConfigurationReference = C9CB4621ABA8A4C85F16DE37 /* Pods-TestSber-TestSberUITests.debug.xcconfig */;
			buildSettings = {
				ALWAYS_EMBED_SWIFT_STANDARD_LIBRARIES = YES;
				CODE_SIGN_STYLE = Automatic;
				DEVELOPMENT_TEAM = G9EVQJ4C2M;
				INFOPLIST_FILE = TestSberUITests/Info.plist;
				LD_RUNPATH_SEARCH_PATHS = (
					"$(inherited)",
					"@executable_path/Frameworks",
					"@loader_path/Frameworks",
				);
				PRODUCT_BUNDLE_IDENTIFIER = com.TestSberUITests;
				PRODUCT_NAME = "$(TARGET_NAME)";
				SWIFT_VERSION = 5.0;
				TARGETED_DEVICE_FAMILY = "1,2";
				TEST_TARGET_NAME = TestSber;
			};
			name = Debug;
		};
		A83C054024536E4400FF8702 /* Release */ = {
			isa = XCBuildConfiguration;
			baseConfigurationReference = C266EEDB76221B66CBA04C68 /* Pods-TestSber-TestSberUITests.release.xcconfig */;
			buildSettings = {
				ALWAYS_EMBED_SWIFT_STANDARD_LIBRARIES = YES;
				CODE_SIGN_STYLE = Automatic;
				DEVELOPMENT_TEAM = G9EVQJ4C2M;
				INFOPLIST_FILE = TestSberUITests/Info.plist;
				LD_RUNPATH_SEARCH_PATHS = (
					"$(inherited)",
					"@executable_path/Frameworks",
					"@loader_path/Frameworks",
				);
				PRODUCT_BUNDLE_IDENTIFIER = com.TestSberUITests;
				PRODUCT_NAME = "$(TARGET_NAME)";
				SWIFT_VERSION = 5.0;
				TARGETED_DEVICE_FAMILY = "1,2";
				TEST_TARGET_NAME = TestSber;
			};
			name = Release;
		};
/* End XCBuildConfiguration section */

/* Begin XCConfigurationList section */
		A83C050924536E4000FF8702 /* Build configuration list for PBXProject "TestSber" */ = {
			isa = XCConfigurationList;
			buildConfigurations = (
				A83C053624536E4400FF8702 /* Debug */,
				A83C053724536E4400FF8702 /* Release */,
			);
			defaultConfigurationIsVisible = 0;
			defaultConfigurationName = Release;
		};
		A83C053824536E4400FF8702 /* Build configuration list for PBXNativeTarget "TestSber" */ = {
			isa = XCConfigurationList;
			buildConfigurations = (
				A83C053924536E4400FF8702 /* Debug */,
				A83C053A24536E4400FF8702 /* Release */,
			);
			defaultConfigurationIsVisible = 0;
			defaultConfigurationName = Release;
		};
		A83C053B24536E4400FF8702 /* Build configuration list for PBXNativeTarget "TestSberTests" */ = {
			isa = XCConfigurationList;
			buildConfigurations = (
				A83C053C24536E4400FF8702 /* Debug */,
				A83C053D24536E4400FF8702 /* Release */,
			);
			defaultConfigurationIsVisible = 0;
			defaultConfigurationName = Release;
		};
		A83C053E24536E4400FF8702 /* Build configuration list for PBXNativeTarget "TestSberUITests" */ = {
			isa = XCConfigurationList;
			buildConfigurations = (
				A83C053F24536E4400FF8702 /* Debug */,
				A83C054024536E4400FF8702 /* Release */,
			);
			defaultConfigurationIsVisible = 0;
			defaultConfigurationName = Release;
		};
/* End XCConfigurationList section */
	};
	rootObject = A83C050624536E4000FF8702 /* Project object */;
}
